PODS:
  - ACSReader (0.4.10):
    - ACSSDKWrapper (~> 0.2.2)
    - ReaderConnectionWrapper (~> 0.5.4)
  - ACSSDKWrapper (0.2.2)
  - AheadOpenSSL (0.2.5)
  - AheadTLV (0.1.4)
  - APDUSDK (0.1.5):
    - APDUSender (~> 0.2.5)
  - APDUSender (0.2.5):
    - AheadOpenSSL (~> 0.2.5)
    - AheadTLV (~> 0.1.4)
    - CardConnectionWrapper (~> 0.3.4)
  - CardConnectionWrapper (0.3.4)
  - Cartography (4.0.0)
  - FeitianReader (0.4.10):
    - FeitianSDKWrapper (~> 0.2.6)
    - ReaderConnectionWrapper (~> 0.5.4)
  - FeitianSDKWrapper (0.2.6)
  - GemaltoReader (0.5.6):
    - GemaltoSDKWrapper (~> 0.2.3)
    - ReaderConnectionWrapper (~> 0.5.4)
  - GemaltoSDKWrapper (0.2.3)
  - R.swift (5.0.3):
    - R.swift.Library (~> 5.0.0)
  - R.swift.Library (5.0.1)
  - ReaderConnectionWrapper (0.5.4):
    - CardConnectionWrapper (~> 0.3.4)

DEPENDENCIES:
  - ACSReader
  - APDUSDK
  - Cartography
  - FeitianReader
  - GemaltoReader
  - R.swift

SPEC REPOS:
  https://github.com/CocoaPods/Specs.git:
    - Cartography
    - R.swift
    - R.swift.Library
  https://github.com/Ministerstvo-vnitra/EOP_iOS_podspecs.git:
    - ACSReader
    - ACSSDKWrapper
    - AheadOpenSSL
    - AheadTLV
    - APDUSDK
    - APDUSender
    - CardConnectionWrapper
    - FeitianReader
    - FeitianSDKWrapper
    - GemaltoReader
    - GemaltoSDKWrapper
    - ReaderConnectionWrapper

SPEC CHECKSUMS:
  ACSReader: d0a2cd9d5ee6ce536d6a461f4c25a9f1b3f4d98c
  ACSSDKWrapper: fcf725c48780738f5edc33ef7e695c36377f13de
  AheadOpenSSL: 49f339428e3dc8a27bfb5059c97a2d58b47f370e
  AheadTLV: 04d81df5ffb0f88d413879ae0b70de0b52cbe2c7
  APDUSDK: 6633193b0490d5747f2fb78e53b4e0ddcd919fec
  APDUSender: 89e57bccb0b7921617ad8c216bc38afe56aa3b04
  CardConnectionWrapper: 0e0452c708ef283b57174d850af254eae2c1beeb
  Cartography: c5626d29056b20f1e95c017326ee4df57cc39ad8
  FeitianReader: f1e33199a5f8c30c10b32a13b7a5e90b1b29dd4d
  FeitianSDKWrapper: 2aebea299f7d7d8d3a84b3d141b5016829775ab9
  GemaltoReader: 15366a49cffc3a1d48971464b698feade34a6edb
  GemaltoSDKWrapper: 592a6ec5fc248a5ff4e986fd9f20debbbd8a76d0
  R.swift: f5a87643b91ea569d23d6afb3eee9c743edde239
  R.swift.Library: cfe85d569d9bae6cb262922db130e7c3a7a5fad1
  ReaderConnectionWrapper: 8f927b1dc1ee092bee10cf532862de874c9660e7

PODFILE CHECKSUM: f6bcdc053b253379814056329e86ed8794296759

COCOAPODS: 1.8.0
